
Microsoft Visual Studio Solution File, Format Version 12.00
# Visual Studio Version 17
VisualStudioVersion = 17.9.34728.123
MinimumVisualStudioVersion = 10.0.40219.1
Project("{FAE04EC0-301F-11D3-BF4B-00C04F79EFBC}") = "Client", "src\Client\Client.csproj", "{878E4CEF-E8E4-403A-ABB7-3FF62BC4BFA9}"
EndProject
Global
	GlobalSection(SolutionConfigurationPlatforms) = preSolution
		Debug|Any CPU = Debug|Any CPU
		Release|Any CPU = Release|Any CPU
	EndGlobalSection
	GlobalSection(ProjectConfigurationPlatforms) = postSolution
		{878E4CEF-E8E4-403A-ABB7-3FF62BC4BFA9}.Debug|Any CPU.ActiveCfg = Debug|Any CPU
		{878E4CEF-E8E4-403A-ABB7-3FF62BC4BFA9}.Debug|Any CPU.Build.0 = Debug|Any CPU
		{878E4CEF-E8E4-403A-ABB7-3FF62BC4BFA9}.Release|Any CPU.ActiveCfg = Release|Any CPU
		{878E4CEF-E8E4-403A-ABB7-3FF62BC4BFA9}.Release|Any CPU.Build.0 = Release|Any CPU
	EndGlobalSection
	GlobalSection(SolutionProperties) = preSolution
		HideSolutionNode = FALSE
	EndGlobalSection
	GlobalSection(ExtensibilityGlobals) = postSolution
		SolutionGuid = {21195F0C-51CA-487D-B87E-CF74553A0150}
	EndGlobalSection
EndGlobal
